
Microsoft Visual Studio Solution File, Format Version 12.00
# Visual Studio 2012
Project("{FAE04EC0-301F-11D3-BF4B-00C04F79EFBC}") = "MemCachedLib", "MemCachedLib\MemCachedLib.csproj", "{CDBD6BB9-F05A-46B5-97F2-554E290CAF75}"
EndProject
Project("{FAE04EC0-301F-11D3-BF4B-00C04F79EFBC}") = "MemCachedApp", "MemCachedApp\MemCachedApp.csproj", "{06F2C7A1-6070-491E-9B94-BBFDC21BD373}"
EndProject
Project("{FAE04EC0-301F-11D3-BF4B-00C04F79EFBC}") = "MemCachedManager", "MemCachedManager\MemCachedManager.csproj", "{F6C1AB8C-6B9B-4CE1-9E9C-040CA5796952}"
EndProject
Project("{FAE04EC0-301F-11D3-BF4B-00C04F79EFBC}") = "MemCachedWebApp", "MemCachedWebApp\MemCachedWebApp.csproj", "{98F94D76-5BFF-4F6A-8232-5C2283471B9C}"
EndProject
Global
	GlobalSection(SolutionConfigurationPlatforms) = preSolution
		Debug|Any CPU = Debug|Any CPU
		Release|Any CPU = Release|Any CPU
	EndGlobalSection
	GlobalSection(ProjectConfigurationPlatforms) = postSolution
		{CDBD6BB9-F05A-46B5-97F2-554E290CAF75}.Debug|Any CPU.ActiveCfg = Debug|Any CPU
		{CDBD6BB9-F05A-46B5-97F2-554E290CAF75}.Debug|Any CPU.Build.0 = Debug|Any CPU
		{CDBD6BB9-F05A-46B5-97F2-554E290CAF75}.Release|Any CPU.ActiveCfg = Release|Any CPU
		{CDBD6BB9-F05A-46B5-97F2-554E290CAF75}.Release|Any CPU.Build.0 = Release|Any CPU
		{06F2C7A1-6070-491E-9B94-BBFDC21BD373}.Debug|Any CPU.ActiveCfg = Debug|Any CPU
		{06F2C7A1-6070-491E-9B94-BBFDC21BD373}.Debug|Any CPU.Build.0 = Debug|Any CPU
		{06F2C7A1-6070-491E-9B94-BBFDC21BD373}.Release|Any CPU.ActiveCfg = Release|Any CPU
		{06F2C7A1-6070-491E-9B94-BBFDC21BD373}.Release|Any CPU.Build.0 = Release|Any CPU
		{F6C1AB8C-6B9B-4CE1-9E9C-040CA5796952}.Debug|Any CPU.ActiveCfg = Debug|Any CPU
		{F6C1AB8C-6B9B-4CE1-9E9C-040CA5796952}.Debug|Any CPU.Build.0 = Debug|Any CPU
		{F6C1AB8C-6B9B-4CE1-9E9C-040CA5796952}.Release|Any CPU.ActiveCfg = Release|Any CPU
		{F6C1AB8C-6B9B-4CE1-9E9C-040CA5796952}.Release|Any CPU.Build.0 = Release|Any CPU
		{98F94D76-5BFF-4F6A-8232-5C2283471B9C}.Debug|Any CPU.ActiveCfg = Debug|Any CPU
		{98F94D76-5BFF-4F6A-8232-5C2283471B9C}.Debug|Any CPU.Build.0 = Debug|Any CPU
		{98F94D76-5BFF-4F6A-8232-5C2283471B9C}.Release|Any CPU.ActiveCfg = Release|Any CPU
		{98F94D76-5BFF-4F6A-8232-5C2283471B9C}.Release|Any CPU.Build.0 = Release|Any CPU
	EndGlobalSection
	GlobalSection(SolutionProperties) = preSolution
		HideSolutionNode = FALSE
	EndGlobalSection
EndGlobal
